
Microsoft Visual Studio Solution File, Format Version 12.00
# Visual Studio 15
VisualStudioVersion = 15.0.27703.2035
MinimumVisualStudioVersion = 10.0.40219.1
Project("{FAE04EC0-301F-11D3-BF4B-00C04F79EFBC}") = "Fruit-Loops", "Fruit-Loops\Fruit-Loops.csproj", "{FE1B8512-FF55-44F0-8093-851081EA7BDA}"
EndProject
Global
	GlobalSection(SolutionConfigurationPlatforms) = preSolution
		Debug|Any CPU = Debug|Any CPU
		Release|Any CPU = Release|Any CPU
	EndGlobalSection
	GlobalSection(ProjectConfigurationPlatforms) = postSolution
		{FE1B8512-FF55-44F0-8093-851081EA7BDA}.Debug|Any CPU.ActiveCfg = Debug|Any CPU
		{FE1B8512-FF55-44F0-8093-851081EA7BDA}.Debug|Any CPU.Build.0 = Debug|Any CPU
		{FE1B8512-FF55-44F0-8093-851081EA7BDA}.Release|Any CPU.ActiveCfg = Release|Any CPU
		{FE1B8512-FF55-44F0-8093-851081EA7BDA}.Release|Any CPU.Build.0 = Release|Any CPU
	EndGlobalSection
	GlobalSection(SolutionProperties) = preSolution
		HideSolutionNode = FALSE
	EndGlobalSection
	GlobalSection(ExtensibilityGlobals) = postSolution
		SolutionGuid = {03DDB63D-C621-4E55-8020-FCA69DB493E7}
	EndGlobalSection
EndGlobal
