
Microsoft Visual Studio Solution File, Format Version 12.00
# Visual Studio 15
VisualStudioVersion = 15.0.27703.2035
MinimumVisualStudioVersion = 10.0.40219.1
Project("{FAE04EC0-301F-11D3-BF4B-00C04F79EFBC}") = "HighLow", "HighLow\HighLow.csproj", "{89D16997-B0DF-41CF-B211-1D0A5F8C9323}"
EndProject
Global
	GlobalSection(SolutionConfigurationPlatforms) = preSolution
		Debug|Any CPU = Debug|Any CPU
		Release|Any CPU = Release|Any CPU
	EndGlobalSection
	GlobalSection(ProjectConfigurationPlatforms) = postSolution
		{89D16997-B0DF-41CF-B211-1D0A5F8C9323}.Debug|Any CPU.ActiveCfg = Debug|Any CPU
		{89D16997-B0DF-41CF-B211-1D0A5F8C9323}.Debug|Any CPU.Build.0 = Debug|Any CPU
		{89D16997-B0DF-41CF-B211-1D0A5F8C9323}.Release|Any CPU.ActiveCfg = Release|Any CPU
		{89D16997-B0DF-41CF-B211-1D0A5F8C9323}.Release|Any CPU.Build.0 = Release|Any CPU
	EndGlobalSection
	GlobalSection(SolutionProperties) = preSolution
		HideSolutionNode = FALSE
	EndGlobalSection
	GlobalSection(ExtensibilityGlobals) = postSolution
		SolutionGuid = {EB0DC57A-019D-46C0-8258-8059BBE39483}
	EndGlobalSection
EndGlobal
