
Microsoft Visual Studio Solution File, Format Version 12.00
# Visual Studio 15
VisualStudioVersion = 15.0.27703.2035
MinimumVisualStudioVersion = 10.0.40219.1
Project("{FAE04EC0-301F-11D3-BF4B-00C04F79EFBC}") = "SumForInts", "SumForInts\SumForInts.csproj", "{DA16FC9A-6C3C-4F33-B7BE-6AD8A8F1F9E1}"
EndProject
Global
	GlobalSection(SolutionConfigurationPlatforms) = preSolution
		Debug|Any CPU = Debug|Any CPU
		Release|Any CPU = Release|Any CPU
	EndGlobalSection
	GlobalSection(ProjectConfigurationPlatforms) = postSolution
		{DA16FC9A-6C3C-4F33-B7BE-6AD8A8F1F9E1}.Debug|Any CPU.ActiveCfg = Debug|Any CPU
		{DA16FC9A-6C3C-4F33-B7BE-6AD8A8F1F9E1}.Debug|Any CPU.Build.0 = Debug|Any CPU
		{DA16FC9A-6C3C-4F33-B7BE-6AD8A8F1F9E1}.Release|Any CPU.ActiveCfg = Release|Any CPU
		{DA16FC9A-6C3C-4F33-B7BE-6AD8A8F1F9E1}.Release|Any CPU.Build.0 = Release|Any CPU
	EndGlobalSection
	GlobalSection(SolutionProperties) = preSolution
		HideSolutionNode = FALSE
	EndGlobalSection
	GlobalSection(ExtensibilityGlobals) = postSolution
		SolutionGuid = {99470629-9BE3-430B-BF62-20389ED1A4CD}
	EndGlobalSection
EndGlobal
