
Microsoft Visual Studio Solution File, Format Version 12.00
# Visual Studio 15
VisualStudioVersion = 15.0.27703.2035
MinimumVisualStudioVersion = 10.0.40219.1
Project("{FAE04EC0-301F-11D3-BF4B-00C04F79EFBC}") = "DisplayMultiplicationTable", "DisplayMultiplicationTable\DisplayMultiplicationTable.csproj", "{5BA5CE76-1C52-4903-B8C0-52B1A49157D8}"
EndProject
Global
	GlobalSection(SolutionConfigurationPlatforms) = preSolution
		Debug|Any CPU = Debug|Any CPU
		Release|Any CPU = Release|Any CPU
	EndGlobalSection
	GlobalSection(ProjectConfigurationPlatforms) = postSolution
		{5BA5CE76-1C52-4903-B8C0-52B1A49157D8}.Debug|Any CPU.ActiveCfg = Debug|Any CPU
		{5BA5CE76-1C52-4903-B8C0-52B1A49157D8}.Debug|Any CPU.Build.0 = Debug|Any CPU
		{5BA5CE76-1C52-4903-B8C0-52B1A49157D8}.Release|Any CPU.ActiveCfg = Release|Any CPU
		{5BA5CE76-1C52-4903-B8C0-52B1A49157D8}.Release|Any CPU.Build.0 = Release|Any CPU
	EndGlobalSection
	GlobalSection(SolutionProperties) = preSolution
		HideSolutionNode = FALSE
	EndGlobalSection
	GlobalSection(ExtensibilityGlobals) = postSolution
		SolutionGuid = {79F0512F-08EF-4A4F-AEF3-95DFE82CAC8E}
	EndGlobalSection
EndGlobal
